
Microsoft Visual Studio Solution File, Format Version 12.00
# Visual Studio 15
VisualStudioVersion = 15.0.28307.645
MinimumVisualStudioVersion = 10.0.40219.1
Project("{8BC9CEB8-8B4A-11D0-8D11-00A0C91BC942}") = "CheckCCW", "CheckCCW\CheckCCW.vcxproj", "{6106B890-D63A-459B-B583-274334C9257C}"
EndProject
Project("{8BC9CEB8-8B4A-11D0-8D11-00A0C91BC942}") = "Triangulate", "Triangulate\Triangulate.vcxproj", "{1574BB12-2947-4D20-8D64-39EE03774900}"
EndProject
Project("{8BC9CEB8-8B4A-11D0-8D11-00A0C91BC942}") = "PolygonArea", "PolygonArea\PolygonArea.vcxproj", "{B5667C84-BF0E-47BE-A905-563C514E3C97}"
EndProject
Project("{8BC9CEB8-8B4A-11D0-8D11-00A0C91BC942}") = "Centroid", "Centroid\Centroid.vcxproj", "{0031AFC5-CD5B-4B57-9120-D6581BD0994E}"
EndProject
Project("{8BC9CEB8-8B4A-11D0-8D11-00A0C91BC942}") = "IntersectSegment", "IntersectSegment\IntersectSegment.vcxproj", "{2A311387-2E25-48AE-BADF-53D04CB53262}"
EndProject
Project("{8BC9CEB8-8B4A-11D0-8D11-00A0C91BC942}") = "BarycentricCoordinate", "BarycentricCoordinate\BarycentricCoordinate.vcxproj", "{5CFFE1F4-4874-4EDF-AEE9-B9DBA0313579}"
EndProject
Project("{8BC9CEB8-8B4A-11D0-8D11-00A0C91BC942}") = "CheckConvex", "CheckConvex\CheckConvex.vcxproj", "{A4FC88FE-F7AB-4786-AD0C-6D0237B8114F}"
EndProject
Project("{8BC9CEB8-8B4A-11D0-8D11-00A0C91BC942}") = "GeoLib", "GeoLib\GeoLib.vcxproj", "{BDA913AB-4665-4D19-803F-54B6C6E25192}"
EndProject
Project("{8BC9CEB8-8B4A-11D0-8D11-00A0C91BC942}") = "CatmullRomSplines", "CatmullRomSplines\CatmullRomSplines.vcxproj", "{C7AB490D-EB81-4174-A0E0-78C3C5AF0CD0}"
EndProject
Project("{8BC9CEB8-8B4A-11D0-8D11-00A0C91BC942}") = "Delaunay", "Delaunay\Delaunay.vcxproj", "{D61CCAC9-2722-4C10-8139-C8213841C09F}"
EndProject
Global
	GlobalSection(SolutionConfigurationPlatforms) = preSolution
		Debug|x64 = Debug|x64
		Debug|x86 = Debug|x86
		Release|x64 = Release|x64
		Release|x86 = Release|x86
	EndGlobalSection
	GlobalSection(ProjectConfigurationPlatforms) = postSolution
		{6106B890-D63A-459B-B583-274334C9257C}.Debug|x64.ActiveCfg = Debug|x64
		{6106B890-D63A-459B-B583-274334C9257C}.Debug|x64.Build.0 = Debug|x64
		{6106B890-D63A-459B-B583-274334C9257C}.Debug|x86.ActiveCfg = Debug|Win32
		{6106B890-D63A-459B-B583-274334C9257C}.Debug|x86.Build.0 = Debug|Win32
		{6106B890-D63A-459B-B583-274334C9257C}.Release|x64.ActiveCfg = Release|x64
		{6106B890-D63A-459B-B583-274334C9257C}.Release|x64.Build.0 = Release|x64
		{6106B890-D63A-459B-B583-274334C9257C}.Release|x86.ActiveCfg = Release|Win32
		{6106B890-D63A-459B-B583-274334C9257C}.Release|x86.Build.0 = Release|Win32
		{1574BB12-2947-4D20-8D64-39EE03774900}.Debug|x64.ActiveCfg = Debug|x64
		{1574BB12-2947-4D20-8D64-39EE03774900}.Debug|x64.Build.0 = Debug|x64
		{1574BB12-2947-4D20-8D64-39EE03774900}.Debug|x86.ActiveCfg = Debug|Win32
		{1574BB12-2947-4D20-8D64-39EE03774900}.Debug|x86.Build.0 = Debug|Win32
		{1574BB12-2947-4D20-8D64-39EE03774900}.Release|x64.ActiveCfg = Release|x64
		{1574BB12-2947-4D20-8D64-39EE03774900}.Release|x64.Build.0 = Release|x64
		{1574BB12-2947-4D20-8D64-39EE03774900}.Release|x86.ActiveCfg = Release|Win32
		{1574BB12-2947-4D20-8D64-39EE03774900}.Release|x86.Build.0 = Release|Win32
		{B5667C84-BF0E-47BE-A905-563C514E3C97}.Debug|x64.ActiveCfg = Debug|x64
		{B5667C84-BF0E-47BE-A905-563C514E3C97}.Debug|x64.Build.0 = Debug|x64
		{B5667C84-BF0E-47BE-A905-563C514E3C97}.Debug|x86.ActiveCfg = Debug|Win32
		{B5667C84-BF0E-47BE-A905-563C514E3C97}.Debug|x86.Build.0 = Debug|Win32
		{B5667C84-BF0E-47BE-A905-563C514E3C97}.Release|x64.ActiveCfg = Release|x64
		{B5667C84-BF0E-47BE-A905-563C514E3C97}.Release|x64.Build.0 = Release|x64
		{B5667C84-BF0E-47BE-A905-563C514E3C97}.Release|x86.ActiveCfg = Release|Win32
		{B5667C84-BF0E-47BE-A905-563C514E3C97}.Release|x86.Build.0 = Release|Win32
		{0031AFC5-CD5B-4B57-9120-D6581BD0994E}.Debug|x64.ActiveCfg = Debug|x64
		{0031AFC5-CD5B-4B57-9120-D6581BD0994E}.Debug|x64.Build.0 = Debug|x64
		{0031AFC5-CD5B-4B57-9120-D6581BD0994E}.Debug|x86.ActiveCfg = Debug|Win32
		{0031AFC5-CD5B-4B57-9120-D6581BD0994E}.Debug|x86.Build.0 = Debug|Win32
		{0031AFC5-CD5B-4B57-9120-D6581BD0994E}.Release|x64.ActiveCfg = Release|x64
		{0031AFC5-CD5B-4B57-9120-D6581BD0994E}.Release|x64.Build.0 = Release|x64
		{0031AFC5-CD5B-4B57-9120-D6581BD0994E}.Release|x86.ActiveCfg = Release|Win32
		{0031AFC5-CD5B-4B57-9120-D6581BD0994E}.Release|x86.Build.0 = Release|Win32
		{2A311387-2E25-48AE-BADF-53D04CB53262}.Debug|x64.ActiveCfg = Debug|x64
		{2A311387-2E25-48AE-BADF-53D04CB53262}.Debug|x64.Build.0 = Debug|x64
		{2A311387-2E25-48AE-BADF-53D04CB53262}.Debug|x86.ActiveCfg = Debug|Win32
		{2A311387-2E25-48AE-BADF-53D04CB53262}.Debug|x86.Build.0 = Debug|Win32
		{2A311387-2E25-48AE-BADF-53D04CB53262}.Release|x64.ActiveCfg = Release|x64
		{2A311387-2E25-48AE-BADF-53D04CB53262}.Release|x64.Build.0 = Release|x64
		{2A311387-2E25-48AE-BADF-53D04CB53262}.Release|x86.ActiveCfg = Release|Win32
		{2A311387-2E25-48AE-BADF-53D04CB53262}.Release|x86.Build.0 = Release|Win32
		{5CFFE1F4-4874-4EDF-AEE9-B9DBA0313579}.Debug|x64.ActiveCfg = Debug|x64
		{5CFFE1F4-4874-4EDF-AEE9-B9DBA0313579}.Debug|x64.Build.0 = Debug|x64
		{5CFFE1F4-4874-4EDF-AEE9-B9DBA0313579}.Debug|x86.ActiveCfg = Debug|Win32
		{5CFFE1F4-4874-4EDF-AEE9-B9DBA0313579}.Debug|x86.Build.0 = Debug|Win32
		{5CFFE1F4-4874-4EDF-AEE9-B9DBA0313579}.Release|x64.ActiveCfg = Release|x64
		{5CFFE1F4-4874-4EDF-AEE9-B9DBA0313579}.Release|x64.Build.0 = Release|x64
		{5CFFE1F4-4874-4EDF-AEE9-B9DBA0313579}.Release|x86.ActiveCfg = Release|Win32
		{5CFFE1F4-4874-4EDF-AEE9-B9DBA0313579}.Release|x86.Build.0 = Release|Win32
		{A4FC88FE-F7AB-4786-AD0C-6D0237B8114F}.Debug|x64.ActiveCfg = Debug|x64
		{A4FC88FE-F7AB-4786-AD0C-6D0237B8114F}.Debug|x64.Build.0 = Debug|x64
		{A4FC88FE-F7AB-4786-AD0C-6D0237B8114F}.Debug|x86.ActiveCfg = Debug|Win32
		{A4FC88FE-F7AB-4786-AD0C-6D0237B8114F}.Debug|x86.Build.0 = Debug|Win32
		{A4FC88FE-F7AB-4786-AD0C-6D0237B8114F}.Release|x64.ActiveCfg = Release|x64
		{A4FC88FE-F7AB-4786-AD0C-6D0237B8114F}.Release|x64.Build.0 = Release|x64
		{A4FC88FE-F7AB-4786-AD0C-6D0237B8114F}.Release|x86.ActiveCfg = Release|Win32
		{A4FC88FE-F7AB-4786-AD0C-6D0237B8114F}.Release|x86.Build.0 = Release|Win32
		{BDA913AB-4665-4D19-803F-54B6C6E25192}.Debug|x64.ActiveCfg = Debug|x64
		{BDA913AB-4665-4D19-803F-54B6C6E25192}.Debug|x64.Build.0 = Debug|x64
		{BDA913AB-4665-4D19-803F-54B6C6E25192}.Debug|x86.ActiveCfg = Debug|Win32
		{BDA913AB-4665-4D19-803F-54B6C6E25192}.Debug|x86.Build.0 = Debug|Win32
		{BDA913AB-4665-4D19-803F-54B6C6E25192}.Release|x64.ActiveCfg = Release|x64
		{BDA913AB-4665-4D19-803F-54B6C6E25192}.Release|x64.Build.0 = Release|x64
		{BDA913AB-4665-4D19-803F-54B6C6E25192}.Release|x86.ActiveCfg = Release|Win32
		{BDA913AB-4665-4D19-803F-54B6C6E25192}.Release|x86.Build.0 = Release|Win32
		{C7AB490D-EB81-4174-A0E0-78C3C5AF0CD0}.Debug|x64.ActiveCfg = Debug|x64
		{C7AB490D-EB81-4174-A0E0-78C3C5AF0CD0}.Debug|x64.Build.0 = Debug|x64
		{C7AB490D-EB81-4174-A0E0-78C3C5AF0CD0}.Debug|x86.ActiveCfg = Debug|Win32
		{C7AB490D-EB81-4174-A0E0-78C3C5AF0CD0}.Debug|x86.Build.0 = Debug|Win32
		{C7AB490D-EB81-4174-A0E0-78C3C5AF0CD0}.Release|x64.ActiveCfg = Release|x64
		{C7AB490D-EB81-4174-A0E0-78C3C5AF0CD0}.Release|x64.Build.0 = Release|x64
		{C7AB490D-EB81-4174-A0E0-78C3C5AF0CD0}.Release|x86.ActiveCfg = Release|Win32
		{C7AB490D-EB81-4174-A0E0-78C3C5AF0CD0}.Release|x86.Build.0 = Release|Win32
		{D61CCAC9-2722-4C10-8139-C8213841C09F}.Debug|x64.ActiveCfg = Debug|x64
		{D61CCAC9-2722-4C10-8139-C8213841C09F}.Debug|x64.Build.0 = Debug|x64
		{D61CCAC9-2722-4C10-8139-C8213841C09F}.Debug|x86.ActiveCfg = Debug|Win32
		{D61CCAC9-2722-4C10-8139-C8213841C09F}.Debug|x86.Build.0 = Debug|Win32
		{D61CCAC9-2722-4C10-8139-C8213841C09F}.Release|x64.ActiveCfg = Release|x64
		{D61CCAC9-2722-4C10-8139-C8213841C09F}.Release|x64.Build.0 = Release|x64
		{D61CCAC9-2722-4C10-8139-C8213841C09F}.Release|x86.ActiveCfg = Release|Win32
		{D61CCAC9-2722-4C10-8139-C8213841C09F}.Release|x86.Build.0 = Release|Win32
	EndGlobalSection
	GlobalSection(SolutionProperties) = preSolution
		HideSolutionNode = FALSE
	EndGlobalSection
	GlobalSection(ExtensibilityGlobals) = postSolution
		SolutionGuid = {E7EA3179-9991-465F-A0FA-7E94071B9AD9}
	EndGlobalSection
EndGlobal
